
Microsoft Visual Studio Solution File, Format Version 12.00
# Visual Studio Version 16
VisualStudioVersion = 16.0.31424.327
MinimumVisualStudioVersion = 10.0.40219.1
Project("{FAE04EC0-301F-11D3-BF4B-00C04F79EFBC}") = "JsonConfigurator", "JsonConfigurator\JsonConfigurator.csproj", "{1CA73E83-0744-45CA-948C-1152C2E7B1AB}"
EndProject
Project("{FAE04EC0-301F-11D3-BF4B-00C04F79EFBC}") = "JsonGenerator", "JsonGenerator\JsonGenerator.csproj", "{64FA6C3E-ED3D-472B-8C80-E30B1316F558}"
EndProject
Global
	GlobalSection(SolutionConfigurationPlatforms) = preSolution
		Debug|Any CPU = Debug|Any CPU
		Release|Any CPU = Release|Any CPU
	EndGlobalSection
	GlobalSection(ProjectConfigurationPlatforms) = postSolution
		{1CA73E83-0744-45CA-948C-1152C2E7B1AB}.Debug|Any CPU.ActiveCfg = Debug|Any CPU
		{1CA73E83-0744-45CA-948C-1152C2E7B1AB}.Debug|Any CPU.Build.0 = Debug|Any CPU
		{1CA73E83-0744-45CA-948C-1152C2E7B1AB}.Release|Any CPU.ActiveCfg = Release|Any CPU
		{1CA73E83-0744-45CA-948C-1152C2E7B1AB}.Release|Any CPU.Build.0 = Release|Any CPU
		{64FA6C3E-ED3D-472B-8C80-E30B1316F558}.Debug|Any CPU.ActiveCfg = Debug|Any CPU
		{64FA6C3E-ED3D-472B-8C80-E30B1316F558}.Debug|Any CPU.Build.0 = Debug|Any CPU
		{64FA6C3E-ED3D-472B-8C80-E30B1316F558}.Release|Any CPU.ActiveCfg = Release|Any CPU
		{64FA6C3E-ED3D-472B-8C80-E30B1316F558}.Release|Any CPU.Build.0 = Release|Any CPU
	EndGlobalSection
	GlobalSection(SolutionProperties) = preSolution
		HideSolutionNode = FALSE
	EndGlobalSection
	GlobalSection(ExtensibilityGlobals) = postSolution
		SolutionGuid = {A6A567CE-DD68-4EEA-BEF9-82B09E83DBB6}
	EndGlobalSection
EndGlobal
